
Microsoft Visual Studio Solution File, Format Version 12.00
# Visual Studio Version 17
VisualStudioVersion = 17.11.35327.3
MinimumVisualStudioVersion = 10.0.40219.1
Project("{FAE04EC0-301F-11D3-BF4B-00C04F79EFBC}") = "_02_01CreatingASimpleConsoleApplication", "_02_01CreatingASimpleConsoleApplication\_02_01CreatingASimpleConsoleApplication.csproj", "{E309A901-C216-49E3-A7A7-DA318C44D944}"
EndProject
Project("{FAE04EC0-301F-11D3-BF4B-00C04F79EFBC}") = "_02_02WindowsFormsApplications", "_02_02WindowsFormsApplications\_02_02WindowsFormsApplications.csproj", "{A434DF0B-5E6A-4060-AE1E-3B8FCB311E97}"
EndProject
Project("{FAE04EC0-301F-11D3-BF4B-00C04F79EFBC}") = "_03_01UsingSimpleTypeVariables", "_03_01UsingSimpleTypeVariables\_03_01UsingSimpleTypeVariables.csproj", "{6ADA121A-4440-4C2F-A6E9-4B844168FCAA}"
EndProject
Project("{FAE04EC0-301F-11D3-BF4B-00C04F79EFBC}") = "_03_02ManipulatingVariableWithMathematicalOperators", "_03_02ManipulatingVariableWithMathematicalOperators\_03_02ManipulatingVariableWithMathematicalOperators.csproj", "{11203DFF-60C6-470A-83B3-4C889AFFA832}"
EndProject
Project("{FAE04EC0-301F-11D3-BF4B-00C04F79EFBC}") = "_04_00Scratch01", "_04_00Scratch01\_04_00Scratch01.csproj", "{C8510BE7-4AFF-4DE7-80DA-1F448D46A0F2}"
EndProject
Project("{FAE04EC0-301F-11D3-BF4B-00C04F79EFBC}") = "_04_01UsingTheBooleanAndBitwiseOperators", "_04_01UsingTheBooleanAndBitwiseOperators\_04_01UsingTheBooleanAndBitwiseOperators.csproj", "{DDF79CEB-0D21-458E-8353-40CE4D0DEC45}"
EndProject
Project("{FAE04EC0-301F-11D3-BF4B-00C04F79EFBC}") = "_04_02TheGotoStatement", "_04_02TheGotoStatement\_04_02TheGotoStatement.csproj", "{BE3DE430-4F67-4B68-A617-0594D34BEA02}"
EndProject
Project("{FAE04EC0-301F-11D3-BF4B-00C04F79EFBC}") = "_04_03TheTernaryOperator", "_04_03TheTernaryOperator\_04_03TheTernaryOperator.csproj", "{A4E43E2C-2C1A-4DA1-9DF0-8BF5B159A9CE}"
EndProject
Project("{FAE04EC0-301F-11D3-BF4B-00C04F79EFBC}") = "_04_04UsingTheIfStatement", "_04_04UsingTheIfStatement\_04_04UsingTheIfStatement.csproj", "{015FF697-F8D0-4E4E-8F97-49CAD9828158}"
EndProject
Project("{FAE04EC0-301F-11D3-BF4B-00C04F79EFBC}") = "_04_05CheckingMoreConditionsUsingIfStatements", "_04_05CheckingMoreConditionsUsingIfStatements\_04_05CheckingMoreConditionsUsingIfStatements.csproj", "{A6069EF8-7DBB-4098-AF05-78BA422BF756}"
EndProject
Project("{FAE04EC0-301F-11D3-BF4B-00C04F79EFBC}") = "_04_06UsingTheSwitchStatement", "_04_06UsingTheSwitchStatement\_04_06UsingTheSwitchStatement.csproj", "{09920373-C085-4B54-88D8-0F63BF3F1860}"
EndProject
Project("{FAE04EC0-301F-11D3-BF4B-00C04F79EFBC}") = "_04_07UsingDoLoops", "_04_07UsingDoLoops\_04_07UsingDoLoops.csproj", "{E6C5AD60-1E2F-44E5-BB07-4D3B7E7C7D4B}"
EndProject
Project("{FAE04EC0-301F-11D3-BF4B-00C04F79EFBC}") = "_04_08WhileLoops", "_04_08WhileLoops\_04_08WhileLoops.csproj", "{CB837313-BD8B-401F-96D2-AD12910BEFA0}"
EndProject
Project("{FAE04EC0-301F-11D3-BF4B-00C04F79EFBC}") = "_04_09UsingForLoops", "_04_09UsingForLoops\_04_09UsingForLoops.csproj", "{7027AF76-BE28-426B-905B-9867839DCE6B}"
EndProject
Project("{FAE04EC0-301F-11D3-BF4B-00C04F79EFBC}") = "_04_10InterruptingLoops", "_04_10InterruptingLoops\_04_10InterruptingLoops.csproj", "{D0D912B2-C659-43A3-A5C8-8B7D4D397D36}"
EndProject
Project("{FAE04EC0-301F-11D3-BF4B-00C04F79EFBC}") = "_04_11InfiniteLoops", "_04_11InfiniteLoops\_04_11InfiniteLoops.csproj", "{4EF5A33B-38A2-4CDF-B9FC-9428BD78C9B5}"
EndProject
Project("{FAE04EC0-301F-11D3-BF4B-00C04F79EFBC}") = "_05_01TypeConversionsInPractice", "_05_01TypeConversionsInPractice\_05_01TypeConversionsInPractice.csproj", "{2CF738E1-C91C-47C5-9EBD-69EBE1F2C0B1}"
EndProject
Project("{FAE04EC0-301F-11D3-BF4B-00C04F79EFBC}") = "_05_02UsingAnEnumeration", "_05_02UsingAnEnumeration\_05_02UsingAnEnumeration.csproj", "{AF814C53-3A3A-4A08-8D9D-2FC557E670FA}"
EndProject
Project("{FAE04EC0-301F-11D3-BF4B-00C04F79EFBC}") = "_05_03UsingAStruct", "_05_03UsingAStruct\_05_03UsingAStruct.csproj", "{6ED86FBE-0193-4119-9381-4F57DC9DE7ED}"
EndProject
Project("{FAE04EC0-301F-11D3-BF4B-00C04F79EFBC}") = "_05_04UsingAnArray", "_05_04UsingAnArray\_05_04UsingAnArray.csproj", "{7D4C7C06-1037-4C01-A145-AB34F038F7F4}"
EndProject
Project("{FAE04EC0-301F-11D3-BF4B-00C04F79EFBC}") = "_05_05StatementAutoCompletionInVS", "_05_05StatementAutoCompletionInVS\_05_05StatementAutoCompletionInVS.csproj", "{BAC0DEDD-7C24-4198-901B-9102390D75AA}"
EndProject
Project("{FAE04EC0-301F-11D3-BF4B-00C04F79EFBC}") = "_06_01DefiningAndUsingABasicFunction", "_06_01DefiningAndUsingABasicFunction\_06_01DefiningAndUsingABasicFunction.csproj", "{FB672A91-CE9D-4090-9701-CA8526061989}"
EndProject
Project("{FAE04EC0-301F-11D3-BF4B-00C04F79EFBC}") = "_06_02ExchangingDataWithAFunction", "_06_02ExchangingDataWithAFunction\_06_02ExchangingDataWithAFunction.csproj", "{ED093DC6-D2FB-43E3-90D0-C3DDB53C8748}"
EndProject
Project("{FAE04EC0-301F-11D3-BF4B-00C04F79EFBC}") = "_06_03ExchaningDataWithAFunctionPart2", "_06_03ExchaningDataWithAFunctionPart2\_06_03ExchaningDataWithAFunctionPart2.csproj", "{74956BAD-1015-4F7E-A683-C49EA65E6417}"
EndProject
Project("{FAE04EC0-301F-11D3-BF4B-00C04F79EFBC}") = "_06_04DefiningAndUsingABasicFunction", "_06_04DefiningAndUsingABasicFunction\_06_04DefiningAndUsingABasicFunction.csproj", "{51436F83-098A-4DB9-846A-9C347763AEFD}"
EndProject
Project("{FAE04EC0-301F-11D3-BF4B-00C04F79EFBC}") = "_06_05CommandLineArguments", "_06_05CommandLineArguments\_06_05CommandLineArguments.csproj", "{588DEB8D-F36D-4895-ABE3-D7BF46C9974F}"
EndProject
Project("{FAE04EC0-301F-11D3-BF4B-00C04F79EFBC}") = "_06_06UsingADelegateToCallAFunction", "_06_06UsingADelegateToCallAFunction\_06_06UsingADelegateToCallAFunction.csproj", "{2201399A-A7AF-42E3-9BB1-EBDA50B76D1D}"
EndProject
Project("{FAE04EC0-301F-11D3-BF4B-00C04F79EFBC}") = "_07_01WritingTextToTheOutputWindow", "_07_01WritingTextToTheOutputWindow\_07_01WritingTextToTheOutputWindow.csproj", "{048F0605-37DC-4641-A91E-676903AE368D}"
EndProject
Project("{FAE04EC0-301F-11D3-BF4B-00C04F79EFBC}") = "_07_02WritingTextToTheOutputWindow", "_07_02WritingTextToTheOutputWindow\_07_02WritingTextToTheOutputWindow.csproj", "{5F01D317-DBCB-4DDA-94C4-195D12A94885}"
EndProject
Project("{FAE04EC0-301F-11D3-BF4B-00C04F79EFBC}") = "_08_01OOPInWindowsApplications", "_08_01OOPInWindowsApplications\_08_01OOPInWindowsApplications.csproj", "{DD7AE935-FAD4-4B57-97F5-98A01CF79933}"
EndProject
Project("{FAE04EC0-301F-11D3-BF4B-00C04F79EFBC}") = "_09_01DefiningClasses", "_09_01DefiningClasses\_09_01DefiningClasses.csproj", "{04772902-472E-44E3-88F1-54F86DEFEC95}"
EndProject
Project("{FAE04EC0-301F-11D3-BF4B-00C04F79EFBC}") = "_09_02UsingAClassLibrary", "_09_02UsingAClassLibrary\_09_02UsingAClassLibrary.csproj", "{BCE174DE-EA08-422E-B8AB-BB5BEEE0FA13}"
EndProject
Project("{FAE04EC0-301F-11D3-BF4B-00C04F79EFBC}") = "_09_03ProjectToUseClassLibrary", "_09_03ProjectToUseClassLibrary\_09_03ProjectToUseClassLibrary.csproj", "{753E30DF-C7E3-427F-B4CC-5CF58C3B6E4A}"
EndProject
Project("{FAE04EC0-301F-11D3-BF4B-00C04F79EFBC}") = "_09_4ClassVsStructs", "_09_4ClassVsStructs\_09_4ClassVsStructs.csproj", "{216C196D-9359-4269-AF27-51A4E983E098}"
EndProject
Project("{FAE04EC0-301F-11D3-BF4B-00C04F79EFBC}") = "_10_01UsingFieldsMethodsAndProperties", "_10_01UsingFieldsMethodsAndProperties\_10_01UsingFieldsMethodsAndProperties.csproj", "{002C5C8C-7596-40AA-8AEB-EC221E1E6F58}"
EndProject
Project("{FAE04EC0-301F-11D3-BF4B-00C04F79EFBC}") = "_10_02CardLib", "_10_02CardLib\_10_02CardLib.csproj", "{B3547B6B-E8D0-4354-8888-87C42205BBB7}"
EndProject
Project("{FAE04EC0-301F-11D3-BF4B-00C04F79EFBC}") = "_10_03CardLib", "_10_03CardLib\_10_03CardLib.csproj", "{46F71B40-EC52-470C-BBAB-6D03A5BB0753}"
EndProject
Project("{FAE04EC0-301F-11D3-BF4B-00C04F79EFBC}") = "_11_01ArraysVsMoreAdvancedCollections", "_11_01ArraysVsMoreAdvancedCollections\_11_01ArraysVsMoreAdvancedCollections.csproj", "{27118106-4C45-4254-B632-6B191F294C86}"
EndProject
Project("{FAE04EC0-301F-11D3-BF4B-00C04F79EFBC}") = "_11_02ImplementingAnAnimalsCollection", "_11_02ImplementingAnAnimalsCollection\_11_02ImplementingAnAnimalsCollection.csproj", "{75DBD5EE-3F76-47B2-BB7A-1AD957A560B2}"
EndProject
Project("{FAE04EC0-301F-11D3-BF4B-00C04F79EFBC}") = "_11_03UpgradedCardLib", "_11_03UpgradedCardLib\_11_03UpgradedCardLib.csproj", "{D5CFD793-8403-4CE7-9A93-8FB3EE54625C}"
EndProject
Project("{FAE04EC0-301F-11D3-BF4B-00C04F79EFBC}") = "_11_04UpgradedCardLib", "_11_04UpgradedCardLib\_11_04UpgradedCardLib.csproj", "{978AA0A8-351E-469B-8FE0-5BDEFD30A299}"
EndProject
Project("{FAE04EC0-301F-11D3-BF4B-00C04F79EFBC}") = "_11_05UsingTheIsOperator", "_11_05UsingTheIsOperator\_11_05UsingTheIsOperator.csproj", "{89112381-7DA1-4CD9-B50F-34A2A67FCF07}"
EndProject
Project("{FAE04EC0-301F-11D3-BF4B-00C04F79EFBC}") = "_11_06UpgradedCardLib", "_11_06UpgradedCardLib\_11_06UpgradedCardLib.csproj", "{DBBAAC53-B502-4D2E-9238-5F2283E3AE4D}"
EndProject
Project("{FAE04EC0-301F-11D3-BF4B-00C04F79EFBC}") = "_11_07UpgradedCardLib", "_11_07UpgradedCardLib\_11_07UpgradedCardLib.csproj", "{C033A9C3-00F7-4E47-A270-8BF6AD3B86DA}"
EndProject
Project("{FAE04EC0-301F-11D3-BF4B-00C04F79EFBC}") = "_12_01HandlingEvents", "_12_01HandlingEvents\_12_01HandlingEvents.csproj", "{D45A768C-5C69-4A02-ABF4-D31BCD7B1363}"
EndProject
Project("{FAE04EC0-301F-11D3-BF4B-00C04F79EFBC}") = "_12_02DefiningEvents", "_12_02DefiningEvents\_12_02DefiningEvents.csproj", "{FB3EDDFF-E7BB-4C9C-B628-3C31F0598F9B}"
EndProject
Project("{FAE04EC0-301F-11D3-BF4B-00C04F79EFBC}") = "_12_03UsingAMultiPurposeEventHandler", "_12_03UsingAMultiPurposeEventHandler\_12_03UsingAMultiPurposeEventHandler.csproj", "{50B6CCC0-2952-4D05-A6C2-1A928F539C47}"
EndProject
Project("{FAE04EC0-301F-11D3-BF4B-00C04F79EFBC}") = "_12_04UpgradedCardLib", "_12_04UpgradedCardLib\_12_04UpgradedCardLib.csproj", "{B6B2CBC3-E5A6-4FFA-857B-87A0C5895105}"
EndProject
Project("{FAE04EC0-301F-11D3-BF4B-00C04F79EFBC}") = "_13_01ButtonTest", "_13_01ButtonTest\_13_01ButtonTest.csproj", "{FB3FEEE8-E852-4066-BB1D-5F66AE03E247}"
EndProject
Project("{FAE04EC0-301F-11D3-BF4B-00C04F79EFBC}") = "_13_02TextBoxTest", "_13_02TextBoxTest\_13_02TextBoxTest.csproj", "{C6D561FA-A3AB-44F5-8D97-E9B3E03755A6}"
EndProject
Project("{FAE04EC0-301F-11D3-BF4B-00C04F79EFBC}") = "_13_03RadioButtonAndCheckBoxExample", "_13_03RadioButtonAndCheckBoxExample\_13_03RadioButtonAndCheckBoxExample.csproj", "{98007471-1FC9-41A2-A548-2F32F1B57E8F}"
EndProject
Project("{FAE04EC0-301F-11D3-BF4B-00C04F79EFBC}") = "_13_04RichTextBox", "_13_04RichTextBox\_13_04RichTextBox.csproj", "{CFDDEA4B-41FB-4BFD-824B-90C3420A6B0C}"
EndProject
Project("{FAE04EC0-301F-11D3-BF4B-00C04F79EFBC}") = "_13_05ListBoxExample", "ListBoxExample\_13_05ListBoxExample.csproj", "{A96B0EE9-5028-4418-8486-8E6F05F7DA80}"
EndProject
Project("{FAE04EC0-301F-11D3-BF4B-00C04F79EFBC}") = "_13_06ComboBoxExample", "_13_06ComboBoxExample\_13_06ComboBoxExample.csproj", "{6BF15A83-2F89-4EBB-87DF-CD6C34AE0C23}"
EndProject
Global
	GlobalSection(SolutionConfigurationPlatforms) = preSolution
		Debug|Any CPU = Debug|Any CPU
		Release|Any CPU = Release|Any CPU
	EndGlobalSection
	GlobalSection(ProjectConfigurationPlatforms) = postSolution
		{E309A901-C216-49E3-A7A7-DA318C44D944}.Debug|Any CPU.ActiveCfg = Debug|Any CPU
		{E309A901-C216-49E3-A7A7-DA318C44D944}.Debug|Any CPU.Build.0 = Debug|Any CPU
		{E309A901-C216-49E3-A7A7-DA318C44D944}.Release|Any CPU.ActiveCfg = Release|Any CPU
		{E309A901-C216-49E3-A7A7-DA318C44D944}.Release|Any CPU.Build.0 = Release|Any CPU
		{A434DF0B-5E6A-4060-AE1E-3B8FCB311E97}.Debug|Any CPU.ActiveCfg = Debug|Any CPU
		{A434DF0B-5E6A-4060-AE1E-3B8FCB311E97}.Debug|Any CPU.Build.0 = Debug|Any CPU
		{A434DF0B-5E6A-4060-AE1E-3B8FCB311E97}.Release|Any CPU.ActiveCfg = Release|Any CPU
		{A434DF0B-5E6A-4060-AE1E-3B8FCB311E97}.Release|Any CPU.Build.0 = Release|Any CPU
		{6ADA121A-4440-4C2F-A6E9-4B844168FCAA}.Debug|Any CPU.ActiveCfg = Debug|Any CPU
		{6ADA121A-4440-4C2F-A6E9-4B844168FCAA}.Debug|Any CPU.Build.0 = Debug|Any CPU
		{6ADA121A-4440-4C2F-A6E9-4B844168FCAA}.Release|Any CPU.ActiveCfg = Release|Any CPU
		{6ADA121A-4440-4C2F-A6E9-4B844168FCAA}.Release|Any CPU.Build.0 = Release|Any CPU
		{11203DFF-60C6-470A-83B3-4C889AFFA832}.Debug|Any CPU.ActiveCfg = Debug|Any CPU
		{11203DFF-60C6-470A-83B3-4C889AFFA832}.Debug|Any CPU.Build.0 = Debug|Any CPU
		{11203DFF-60C6-470A-83B3-4C889AFFA832}.Release|Any CPU.ActiveCfg = Release|Any CPU
		{11203DFF-60C6-470A-83B3-4C889AFFA832}.Release|Any CPU.Build.0 = Release|Any CPU
		{C8510BE7-4AFF-4DE7-80DA-1F448D46A0F2}.Debug|Any CPU.ActiveCfg = Debug|Any CPU
		{C8510BE7-4AFF-4DE7-80DA-1F448D46A0F2}.Debug|Any CPU.Build.0 = Debug|Any CPU
		{C8510BE7-4AFF-4DE7-80DA-1F448D46A0F2}.Release|Any CPU.ActiveCfg = Release|Any CPU
		{C8510BE7-4AFF-4DE7-80DA-1F448D46A0F2}.Release|Any CPU.Build.0 = Release|Any CPU
		{DDF79CEB-0D21-458E-8353-40CE4D0DEC45}.Debug|Any CPU.ActiveCfg = Debug|Any CPU
		{DDF79CEB-0D21-458E-8353-40CE4D0DEC45}.Debug|Any CPU.Build.0 = Debug|Any CPU
		{DDF79CEB-0D21-458E-8353-40CE4D0DEC45}.Release|Any CPU.ActiveCfg = Release|Any CPU
		{DDF79CEB-0D21-458E-8353-40CE4D0DEC45}.Release|Any CPU.Build.0 = Release|Any CPU
		{BE3DE430-4F67-4B68-A617-0594D34BEA02}.Debug|Any CPU.ActiveCfg = Debug|Any CPU
		{BE3DE430-4F67-4B68-A617-0594D34BEA02}.Debug|Any CPU.Build.0 = Debug|Any CPU
		{BE3DE430-4F67-4B68-A617-0594D34BEA02}.Release|Any CPU.ActiveCfg = Release|Any CPU
		{BE3DE430-4F67-4B68-A617-0594D34BEA02}.Release|Any CPU.Build.0 = Release|Any CPU
		{A4E43E2C-2C1A-4DA1-9DF0-8BF5B159A9CE}.Debug|Any CPU.ActiveCfg = Debug|Any CPU
		{A4E43E2C-2C1A-4DA1-9DF0-8BF5B159A9CE}.Debug|Any CPU.Build.0 = Debug|Any CPU
		{A4E43E2C-2C1A-4DA1-9DF0-8BF5B159A9CE}.Release|Any CPU.ActiveCfg = Release|Any CPU
		{A4E43E2C-2C1A-4DA1-9DF0-8BF5B159A9CE}.Release|Any CPU.Build.0 = Release|Any CPU
		{015FF697-F8D0-4E4E-8F97-49CAD9828158}.Debug|Any CPU.ActiveCfg = Debug|Any CPU
		{015FF697-F8D0-4E4E-8F97-49CAD9828158}.Debug|Any CPU.Build.0 = Debug|Any CPU
		{015FF697-F8D0-4E4E-8F97-49CAD9828158}.Release|Any CPU.ActiveCfg = Release|Any CPU
		{015FF697-F8D0-4E4E-8F97-49CAD9828158}.Release|Any CPU.Build.0 = Release|Any CPU
		{A6069EF8-7DBB-4098-AF05-78BA422BF756}.Debug|Any CPU.ActiveCfg = Debug|Any CPU
		{A6069EF8-7DBB-4098-AF05-78BA422BF756}.Debug|Any CPU.Build.0 = Debug|Any CPU
		{A6069EF8-7DBB-4098-AF05-78BA422BF756}.Release|Any CPU.ActiveCfg = Release|Any CPU
		{A6069EF8-7DBB-4098-AF05-78BA422BF756}.Release|Any CPU.Build.0 = Release|Any CPU
		{09920373-C085-4B54-88D8-0F63BF3F1860}.Debug|Any CPU.ActiveCfg = Debug|Any CPU
		{09920373-C085-4B54-88D8-0F63BF3F1860}.Debug|Any CPU.Build.0 = Debug|Any CPU
		{09920373-C085-4B54-88D8-0F63BF3F1860}.Release|Any CPU.ActiveCfg = Release|Any CPU
		{09920373-C085-4B54-88D8-0F63BF3F1860}.Release|Any CPU.Build.0 = Release|Any CPU
		{E6C5AD60-1E2F-44E5-BB07-4D3B7E7C7D4B}.Debug|Any CPU.ActiveCfg = Debug|Any CPU
		{E6C5AD60-1E2F-44E5-BB07-4D3B7E7C7D4B}.Debug|Any CPU.Build.0 = Debug|Any CPU
		{E6C5AD60-1E2F-44E5-BB07-4D3B7E7C7D4B}.Release|Any CPU.ActiveCfg = Release|Any CPU
		{E6C5AD60-1E2F-44E5-BB07-4D3B7E7C7D4B}.Release|Any CPU.Build.0 = Release|Any CPU
		{CB837313-BD8B-401F-96D2-AD12910BEFA0}.Debug|Any CPU.ActiveCfg = Debug|Any CPU
		{CB837313-BD8B-401F-96D2-AD12910BEFA0}.Debug|Any CPU.Build.0 = Debug|Any CPU
		{CB837313-BD8B-401F-96D2-AD12910BEFA0}.Release|Any CPU.ActiveCfg = Release|Any CPU
		{CB837313-BD8B-401F-96D2-AD12910BEFA0}.Release|Any CPU.Build.0 = Release|Any CPU
		{7027AF76-BE28-426B-905B-9867839DCE6B}.Debug|Any CPU.ActiveCfg = Debug|Any CPU
		{7027AF76-BE28-426B-905B-9867839DCE6B}.Debug|Any CPU.Build.0 = Debug|Any CPU
		{7027AF76-BE28-426B-905B-9867839DCE6B}.Release|Any CPU.ActiveCfg = Release|Any CPU
		{7027AF76-BE28-426B-905B-9867839DCE6B}.Release|Any CPU.Build.0 = Release|Any CPU
		{D0D912B2-C659-43A3-A5C8-8B7D4D397D36}.Debug|Any CPU.ActiveCfg = Debug|Any CPU
		{D0D912B2-C659-43A3-A5C8-8B7D4D397D36}.Debug|Any CPU.Build.0 = Debug|Any CPU
		{D0D912B2-C659-43A3-A5C8-8B7D4D397D36}.Release|Any CPU.ActiveCfg = Release|Any CPU
		{D0D912B2-C659-43A3-A5C8-8B7D4D397D36}.Release|Any CPU.Build.0 = Release|Any CPU
		{4EF5A33B-38A2-4CDF-B9FC-9428BD78C9B5}.Debug|Any CPU.ActiveCfg = Debug|Any CPU
		{4EF5A33B-38A2-4CDF-B9FC-9428BD78C9B5}.Debug|Any CPU.Build.0 = Debug|Any CPU
		{4EF5A33B-38A2-4CDF-B9FC-9428BD78C9B5}.Release|Any CPU.ActiveCfg = Release|Any CPU
		{4EF5A33B-38A2-4CDF-B9FC-9428BD78C9B5}.Release|Any CPU.Build.0 = Release|Any CPU
		{2CF738E1-C91C-47C5-9EBD-69EBE1F2C0B1}.Debug|Any CPU.ActiveCfg = Debug|Any CPU
		{2CF738E1-C91C-47C5-9EBD-69EBE1F2C0B1}.Debug|Any CPU.Build.0 = Debug|Any CPU
		{2CF738E1-C91C-47C5-9EBD-69EBE1F2C0B1}.Release|Any CPU.ActiveCfg = Release|Any CPU
		{2CF738E1-C91C-47C5-9EBD-69EBE1F2C0B1}.Release|Any CPU.Build.0 = Release|Any CPU
		{AF814C53-3A3A-4A08-8D9D-2FC557E670FA}.Debug|Any CPU.ActiveCfg = Debug|Any CPU
		{AF814C53-3A3A-4A08-8D9D-2FC557E670FA}.Debug|Any CPU.Build.0 = Debug|Any CPU
		{AF814C53-3A3A-4A08-8D9D-2FC557E670FA}.Release|Any CPU.ActiveCfg = Release|Any CPU
		{AF814C53-3A3A-4A08-8D9D-2FC557E670FA}.Release|Any CPU.Build.0 = Release|Any CPU
		{6ED86FBE-0193-4119-9381-4F57DC9DE7ED}.Debug|Any CPU.ActiveCfg = Debug|Any CPU
		{6ED86FBE-0193-4119-9381-4F57DC9DE7ED}.Debug|Any CPU.Build.0 = Debug|Any CPU
		{6ED86FBE-0193-4119-9381-4F57DC9DE7ED}.Release|Any CPU.ActiveCfg = Release|Any CPU
		{6ED86FBE-0193-4119-9381-4F57DC9DE7ED}.Release|Any CPU.Build.0 = Release|Any CPU
		{7D4C7C06-1037-4C01-A145-AB34F038F7F4}.Debug|Any CPU.ActiveCfg = Debug|Any CPU
		{7D4C7C06-1037-4C01-A145-AB34F038F7F4}.Debug|Any CPU.Build.0 = Debug|Any CPU
		{7D4C7C06-1037-4C01-A145-AB34F038F7F4}.Release|Any CPU.ActiveCfg = Release|Any CPU
		{7D4C7C06-1037-4C01-A145-AB34F038F7F4}.Release|Any CPU.Build.0 = Release|Any CPU
		{BAC0DEDD-7C24-4198-901B-9102390D75AA}.Debug|Any CPU.ActiveCfg = Debug|Any CPU
		{BAC0DEDD-7C24-4198-901B-9102390D75AA}.Debug|Any CPU.Build.0 = Debug|Any CPU
		{BAC0DEDD-7C24-4198-901B-9102390D75AA}.Release|Any CPU.ActiveCfg = Release|Any CPU
		{BAC0DEDD-7C24-4198-901B-9102390D75AA}.Release|Any CPU.Build.0 = Release|Any CPU
		{FB672A91-CE9D-4090-9701-CA8526061989}.Debug|Any CPU.ActiveCfg = Debug|Any CPU
		{FB672A91-CE9D-4090-9701-CA8526061989}.Debug|Any CPU.Build.0 = Debug|Any CPU
		{FB672A91-CE9D-4090-9701-CA8526061989}.Release|Any CPU.ActiveCfg = Release|Any CPU
		{FB672A91-CE9D-4090-9701-CA8526061989}.Release|Any CPU.Build.0 = Release|Any CPU
		{ED093DC6-D2FB-43E3-90D0-C3DDB53C8748}.Debug|Any CPU.ActiveCfg = Debug|Any CPU
		{ED093DC6-D2FB-43E3-90D0-C3DDB53C8748}.Debug|Any CPU.Build.0 = Debug|Any CPU
		{ED093DC6-D2FB-43E3-90D0-C3DDB53C8748}.Release|Any CPU.ActiveCfg = Release|Any CPU
		{ED093DC6-D2FB-43E3-90D0-C3DDB53C8748}.Release|Any CPU.Build.0 = Release|Any CPU
		{74956BAD-1015-4F7E-A683-C49EA65E6417}.Debug|Any CPU.ActiveCfg = Debug|Any CPU
		{74956BAD-1015-4F7E-A683-C49EA65E6417}.Debug|Any CPU.Build.0 = Debug|Any CPU
		{74956BAD-1015-4F7E-A683-C49EA65E6417}.Release|Any CPU.ActiveCfg = Release|Any CPU
		{74956BAD-1015-4F7E-A683-C49EA65E6417}.Release|Any CPU.Build.0 = Release|Any CPU
		{51436F83-098A-4DB9-846A-9C347763AEFD}.Debug|Any CPU.ActiveCfg = Debug|Any CPU
		{51436F83-098A-4DB9-846A-9C347763AEFD}.Debug|Any CPU.Build.0 = Debug|Any CPU
		{51436F83-098A-4DB9-846A-9C347763AEFD}.Release|Any CPU.ActiveCfg = Release|Any CPU
		{51436F83-098A-4DB9-846A-9C347763AEFD}.Release|Any CPU.Build.0 = Release|Any CPU
		{588DEB8D-F36D-4895-ABE3-D7BF46C9974F}.Debug|Any CPU.ActiveCfg = Debug|Any CPU
		{588DEB8D-F36D-4895-ABE3-D7BF46C9974F}.Debug|Any CPU.Build.0 = Debug|Any CPU
		{588DEB8D-F36D-4895-ABE3-D7BF46C9974F}.Release|Any CPU.ActiveCfg = Release|Any CPU
		{588DEB8D-F36D-4895-ABE3-D7BF46C9974F}.Release|Any CPU.Build.0 = Release|Any CPU
		{2201399A-A7AF-42E3-9BB1-EBDA50B76D1D}.Debug|Any CPU.ActiveCfg = Debug|Any CPU
		{2201399A-A7AF-42E3-9BB1-EBDA50B76D1D}.Debug|Any CPU.Build.0 = Debug|Any CPU
		{2201399A-A7AF-42E3-9BB1-EBDA50B76D1D}.Release|Any CPU.ActiveCfg = Release|Any CPU
		{2201399A-A7AF-42E3-9BB1-EBDA50B76D1D}.Release|Any CPU.Build.0 = Release|Any CPU
		{048F0605-37DC-4641-A91E-676903AE368D}.Debug|Any CPU.ActiveCfg = Debug|Any CPU
		{048F0605-37DC-4641-A91E-676903AE368D}.Debug|Any CPU.Build.0 = Debug|Any CPU
		{048F0605-37DC-4641-A91E-676903AE368D}.Release|Any CPU.ActiveCfg = Release|Any CPU
		{048F0605-37DC-4641-A91E-676903AE368D}.Release|Any CPU.Build.0 = Release|Any CPU
		{5F01D317-DBCB-4DDA-94C4-195D12A94885}.Debug|Any CPU.ActiveCfg = Debug|Any CPU
		{5F01D317-DBCB-4DDA-94C4-195D12A94885}.Debug|Any CPU.Build.0 = Debug|Any CPU
		{5F01D317-DBCB-4DDA-94C4-195D12A94885}.Release|Any CPU.ActiveCfg = Release|Any CPU
		{5F01D317-DBCB-4DDA-94C4-195D12A94885}.Release|Any CPU.Build.0 = Release|Any CPU
		{DD7AE935-FAD4-4B57-97F5-98A01CF79933}.Debug|Any CPU.ActiveCfg = Debug|Any CPU
		{DD7AE935-FAD4-4B57-97F5-98A01CF79933}.Debug|Any CPU.Build.0 = Debug|Any CPU
		{DD7AE935-FAD4-4B57-97F5-98A01CF79933}.Release|Any CPU.ActiveCfg = Release|Any CPU
		{DD7AE935-FAD4-4B57-97F5-98A01CF79933}.Release|Any CPU.Build.0 = Release|Any CPU
		{04772902-472E-44E3-88F1-54F86DEFEC95}.Debug|Any CPU.ActiveCfg = Debug|Any CPU
		{04772902-472E-44E3-88F1-54F86DEFEC95}.Debug|Any CPU.Build.0 = Debug|Any CPU
		{04772902-472E-44E3-88F1-54F86DEFEC95}.Release|Any CPU.ActiveCfg = Release|Any CPU
		{04772902-472E-44E3-88F1-54F86DEFEC95}.Release|Any CPU.Build.0 = Release|Any CPU
		{BCE174DE-EA08-422E-B8AB-BB5BEEE0FA13}.Debug|Any CPU.ActiveCfg = Debug|Any CPU
		{BCE174DE-EA08-422E-B8AB-BB5BEEE0FA13}.Debug|Any CPU.Build.0 = Debug|Any CPU
		{BCE174DE-EA08-422E-B8AB-BB5BEEE0FA13}.Release|Any CPU.ActiveCfg = Release|Any CPU
		{BCE174DE-EA08-422E-B8AB-BB5BEEE0FA13}.Release|Any CPU.Build.0 = Release|Any CPU
		{753E30DF-C7E3-427F-B4CC-5CF58C3B6E4A}.Debug|Any CPU.ActiveCfg = Debug|Any CPU
		{753E30DF-C7E3-427F-B4CC-5CF58C3B6E4A}.Debug|Any CPU.Build.0 = Debug|Any CPU
		{753E30DF-C7E3-427F-B4CC-5CF58C3B6E4A}.Release|Any CPU.ActiveCfg = Release|Any CPU
		{753E30DF-C7E3-427F-B4CC-5CF58C3B6E4A}.Release|Any CPU.Build.0 = Release|Any CPU
		{216C196D-9359-4269-AF27-51A4E983E098}.Debug|Any CPU.ActiveCfg = Debug|Any CPU
		{216C196D-9359-4269-AF27-51A4E983E098}.Debug|Any CPU.Build.0 = Debug|Any CPU
		{216C196D-9359-4269-AF27-51A4E983E098}.Release|Any CPU.ActiveCfg = Release|Any CPU
		{216C196D-9359-4269-AF27-51A4E983E098}.Release|Any CPU.Build.0 = Release|Any CPU
		{002C5C8C-7596-40AA-8AEB-EC221E1E6F58}.Debug|Any CPU.ActiveCfg = Debug|Any CPU
		{002C5C8C-7596-40AA-8AEB-EC221E1E6F58}.Debug|Any CPU.Build.0 = Debug|Any CPU
		{002C5C8C-7596-40AA-8AEB-EC221E1E6F58}.Release|Any CPU.ActiveCfg = Release|Any CPU
		{002C5C8C-7596-40AA-8AEB-EC221E1E6F58}.Release|Any CPU.Build.0 = Release|Any CPU
		{B3547B6B-E8D0-4354-8888-87C42205BBB7}.Debug|Any CPU.ActiveCfg = Debug|Any CPU
		{B3547B6B-E8D0-4354-8888-87C42205BBB7}.Debug|Any CPU.Build.0 = Debug|Any CPU
		{B3547B6B-E8D0-4354-8888-87C42205BBB7}.Release|Any CPU.ActiveCfg = Release|Any CPU
		{B3547B6B-E8D0-4354-8888-87C42205BBB7}.Release|Any CPU.Build.0 = Release|Any CPU
		{46F71B40-EC52-470C-BBAB-6D03A5BB0753}.Debug|Any CPU.ActiveCfg = Debug|Any CPU
		{46F71B40-EC52-470C-BBAB-6D03A5BB0753}.Debug|Any CPU.Build.0 = Debug|Any CPU
		{46F71B40-EC52-470C-BBAB-6D03A5BB0753}.Release|Any CPU.ActiveCfg = Release|Any CPU
		{46F71B40-EC52-470C-BBAB-6D03A5BB0753}.Release|Any CPU.Build.0 = Release|Any CPU
		{27118106-4C45-4254-B632-6B191F294C86}.Debug|Any CPU.ActiveCfg = Debug|Any CPU
		{27118106-4C45-4254-B632-6B191F294C86}.Debug|Any CPU.Build.0 = Debug|Any CPU
		{27118106-4C45-4254-B632-6B191F294C86}.Release|Any CPU.ActiveCfg = Release|Any CPU
		{27118106-4C45-4254-B632-6B191F294C86}.Release|Any CPU.Build.0 = Release|Any CPU
		{75DBD5EE-3F76-47B2-BB7A-1AD957A560B2}.Debug|Any CPU.ActiveCfg = Debug|Any CPU
		{75DBD5EE-3F76-47B2-BB7A-1AD957A560B2}.Debug|Any CPU.Build.0 = Debug|Any CPU
		{75DBD5EE-3F76-47B2-BB7A-1AD957A560B2}.Release|Any CPU.ActiveCfg = Release|Any CPU
		{75DBD5EE-3F76-47B2-BB7A-1AD957A560B2}.Release|Any CPU.Build.0 = Release|Any CPU
		{D5CFD793-8403-4CE7-9A93-8FB3EE54625C}.Debug|Any CPU.ActiveCfg = Debug|Any CPU
		{D5CFD793-8403-4CE7-9A93-8FB3EE54625C}.Debug|Any CPU.Build.0 = Debug|Any CPU
		{D5CFD793-8403-4CE7-9A93-8FB3EE54625C}.Release|Any CPU.ActiveCfg = Release|Any CPU
		{D5CFD793-8403-4CE7-9A93-8FB3EE54625C}.Release|Any CPU.Build.0 = Release|Any CPU
		{978AA0A8-351E-469B-8FE0-5BDEFD30A299}.Debug|Any CPU.ActiveCfg = Debug|Any CPU
		{978AA0A8-351E-469B-8FE0-5BDEFD30A299}.Debug|Any CPU.Build.0 = Debug|Any CPU
		{978AA0A8-351E-469B-8FE0-5BDEFD30A299}.Release|Any CPU.ActiveCfg = Release|Any CPU
		{978AA0A8-351E-469B-8FE0-5BDEFD30A299}.Release|Any CPU.Build.0 = Release|Any CPU
		{89112381-7DA1-4CD9-B50F-34A2A67FCF07}.Debug|Any CPU.ActiveCfg = Debug|Any CPU
		{89112381-7DA1-4CD9-B50F-34A2A67FCF07}.Debug|Any CPU.Build.0 = Debug|Any CPU
		{89112381-7DA1-4CD9-B50F-34A2A67FCF07}.Release|Any CPU.ActiveCfg = Release|Any CPU
		{89112381-7DA1-4CD9-B50F-34A2A67FCF07}.Release|Any CPU.Build.0 = Release|Any CPU
		{DBBAAC53-B502-4D2E-9238-5F2283E3AE4D}.Debug|Any CPU.ActiveCfg = Debug|Any CPU
		{DBBAAC53-B502-4D2E-9238-5F2283E3AE4D}.Debug|Any CPU.Build.0 = Debug|Any CPU
		{DBBAAC53-B502-4D2E-9238-5F2283E3AE4D}.Release|Any CPU.ActiveCfg = Release|Any CPU
		{DBBAAC53-B502-4D2E-9238-5F2283E3AE4D}.Release|Any CPU.Build.0 = Release|Any CPU
		{C033A9C3-00F7-4E47-A270-8BF6AD3B86DA}.Debug|Any CPU.ActiveCfg = Debug|Any CPU
		{C033A9C3-00F7-4E47-A270-8BF6AD3B86DA}.Debug|Any CPU.Build.0 = Debug|Any CPU
		{C033A9C3-00F7-4E47-A270-8BF6AD3B86DA}.Release|Any CPU.ActiveCfg = Release|Any CPU
		{C033A9C3-00F7-4E47-A270-8BF6AD3B86DA}.Release|Any CPU.Build.0 = Release|Any CPU
		{D45A768C-5C69-4A02-ABF4-D31BCD7B1363}.Debug|Any CPU.ActiveCfg = Debug|Any CPU
		{D45A768C-5C69-4A02-ABF4-D31BCD7B1363}.Debug|Any CPU.Build.0 = Debug|Any CPU
		{D45A768C-5C69-4A02-ABF4-D31BCD7B1363}.Release|Any CPU.ActiveCfg = Release|Any CPU
		{D45A768C-5C69-4A02-ABF4-D31BCD7B1363}.Release|Any CPU.Build.0 = Release|Any CPU
		{FB3EDDFF-E7BB-4C9C-B628-3C31F0598F9B}.Debug|Any CPU.ActiveCfg = Debug|Any CPU
		{FB3EDDFF-E7BB-4C9C-B628-3C31F0598F9B}.Debug|Any CPU.Build.0 = Debug|Any CPU
		{FB3EDDFF-E7BB-4C9C-B628-3C31F0598F9B}.Release|Any CPU.ActiveCfg = Release|Any CPU
		{FB3EDDFF-E7BB-4C9C-B628-3C31F0598F9B}.Release|Any CPU.Build.0 = Release|Any CPU
		{50B6CCC0-2952-4D05-A6C2-1A928F539C47}.Debug|Any CPU.ActiveCfg = Debug|Any CPU
		{50B6CCC0-2952-4D05-A6C2-1A928F539C47}.Debug|Any CPU.Build.0 = Debug|Any CPU
		{50B6CCC0-2952-4D05-A6C2-1A928F539C47}.Release|Any CPU.ActiveCfg = Release|Any CPU
		{50B6CCC0-2952-4D05-A6C2-1A928F539C47}.Release|Any CPU.Build.0 = Release|Any CPU
		{B6B2CBC3-E5A6-4FFA-857B-87A0C5895105}.Debug|Any CPU.ActiveCfg = Debug|Any CPU
		{B6B2CBC3-E5A6-4FFA-857B-87A0C5895105}.Debug|Any CPU.Build.0 = Debug|Any CPU
		{B6B2CBC3-E5A6-4FFA-857B-87A0C5895105}.Release|Any CPU.ActiveCfg = Release|Any CPU
		{B6B2CBC3-E5A6-4FFA-857B-87A0C5895105}.Release|Any CPU.Build.0 = Release|Any CPU
		{FB3FEEE8-E852-4066-BB1D-5F66AE03E247}.Debug|Any CPU.ActiveCfg = Debug|Any CPU
		{FB3FEEE8-E852-4066-BB1D-5F66AE03E247}.Debug|Any CPU.Build.0 = Debug|Any CPU
		{FB3FEEE8-E852-4066-BB1D-5F66AE03E247}.Release|Any CPU.ActiveCfg = Release|Any CPU
		{FB3FEEE8-E852-4066-BB1D-5F66AE03E247}.Release|Any CPU.Build.0 = Release|Any CPU
		{C6D561FA-A3AB-44F5-8D97-E9B3E03755A6}.Debug|Any CPU.ActiveCfg = Debug|Any CPU
		{C6D561FA-A3AB-44F5-8D97-E9B3E03755A6}.Debug|Any CPU.Build.0 = Debug|Any CPU
		{C6D561FA-A3AB-44F5-8D97-E9B3E03755A6}.Release|Any CPU.ActiveCfg = Release|Any CPU
		{C6D561FA-A3AB-44F5-8D97-E9B3E03755A6}.Release|Any CPU.Build.0 = Release|Any CPU
		{98007471-1FC9-41A2-A548-2F32F1B57E8F}.Debug|Any CPU.ActiveCfg = Debug|Any CPU
		{98007471-1FC9-41A2-A548-2F32F1B57E8F}.Debug|Any CPU.Build.0 = Debug|Any CPU
		{98007471-1FC9-41A2-A548-2F32F1B57E8F}.Release|Any CPU.ActiveCfg = Release|Any CPU
		{98007471-1FC9-41A2-A548-2F32F1B57E8F}.Release|Any CPU.Build.0 = Release|Any CPU
		{CFDDEA4B-41FB-4BFD-824B-90C3420A6B0C}.Debug|Any CPU.ActiveCfg = Debug|Any CPU
		{CFDDEA4B-41FB-4BFD-824B-90C3420A6B0C}.Debug|Any CPU.Build.0 = Debug|Any CPU
		{CFDDEA4B-41FB-4BFD-824B-90C3420A6B0C}.Release|Any CPU.ActiveCfg = Release|Any CPU
		{CFDDEA4B-41FB-4BFD-824B-90C3420A6B0C}.Release|Any CPU.Build.0 = Release|Any CPU
		{A96B0EE9-5028-4418-8486-8E6F05F7DA80}.Debug|Any CPU.ActiveCfg = Debug|Any CPU
		{A96B0EE9-5028-4418-8486-8E6F05F7DA80}.Debug|Any CPU.Build.0 = Debug|Any CPU
		{A96B0EE9-5028-4418-8486-8E6F05F7DA80}.Release|Any CPU.ActiveCfg = Release|Any CPU
		{A96B0EE9-5028-4418-8486-8E6F05F7DA80}.Release|Any CPU.Build.0 = Release|Any CPU
		{6BF15A83-2F89-4EBB-87DF-CD6C34AE0C23}.Debug|Any CPU.ActiveCfg = Debug|Any CPU
		{6BF15A83-2F89-4EBB-87DF-CD6C34AE0C23}.Debug|Any CPU.Build.0 = Debug|Any CPU
		{6BF15A83-2F89-4EBB-87DF-CD6C34AE0C23}.Release|Any CPU.ActiveCfg = Release|Any CPU
		{6BF15A83-2F89-4EBB-87DF-CD6C34AE0C23}.Release|Any CPU.Build.0 = Release|Any CPU
	EndGlobalSection
	GlobalSection(SolutionProperties) = preSolution
		HideSolutionNode = FALSE
	EndGlobalSection
	GlobalSection(ExtensibilityGlobals) = postSolution
		SolutionGuid = {38A321A9-793D-4505-A58E-EF5E76E9C430}
	EndGlobalSection
EndGlobal
